
Microsoft Visual Studio Solution File, Format Version 12.00
# Visual Studio Version 16
VisualStudioVersion = 16.0.31624.102
MinimumVisualStudioVersion = 10.0.40219.1
Project("{8BC9CEB8-8B4A-11D0-8D11-00A0C91BC942}") = "BryansParrot", "BryansParrot\BryansParrot.vcxproj", "{B3786CEE-CE94-4401-99BE-0017D51F3CE7}"
EndProject
Project("{8BC9CEB8-8B4A-11D0-8D11-00A0C91BC942}") = "BryansParrotAutoTest", "BryansParrotAutoTest\BryansParrotAutoTest.vcxproj", "{9E48990F-C17F-4469-9D6D-E724A9E193DD}"
EndProject
Global
	GlobalSection(SolutionConfigurationPlatforms) = preSolution
		Debug|x64 = Debug|x64
		Debug|x86 = Debug|x86
		Release|x64 = Release|x64
		Release|x86 = Release|x86
	EndGlobalSection
	GlobalSection(ProjectConfigurationPlatforms) = postSolution
		{B3786CEE-CE94-4401-99BE-0017D51F3CE7}.Debug|x64.ActiveCfg = Debug|x64
		{B3786CEE-CE94-4401-99BE-0017D51F3CE7}.Debug|x64.Build.0 = Debug|x64
		{B3786CEE-CE94-4401-99BE-0017D51F3CE7}.Debug|x86.ActiveCfg = Debug|Win32
		{B3786CEE-CE94-4401-99BE-0017D51F3CE7}.Debug|x86.Build.0 = Debug|Win32
		{B3786CEE-CE94-4401-99BE-0017D51F3CE7}.Release|x64.ActiveCfg = Release|x64
		{B3786CEE-CE94-4401-99BE-0017D51F3CE7}.Release|x64.Build.0 = Release|x64
		{B3786CEE-CE94-4401-99BE-0017D51F3CE7}.Release|x86.ActiveCfg = Release|Win32
		{B3786CEE-CE94-4401-99BE-0017D51F3CE7}.Release|x86.Build.0 = Release|Win32
		{9E48990F-C17F-4469-9D6D-E724A9E193DD}.Debug|x64.ActiveCfg = Debug|x64
		{9E48990F-C17F-4469-9D6D-E724A9E193DD}.Debug|x64.Build.0 = Debug|x64
		{9E48990F-C17F-4469-9D6D-E724A9E193DD}.Debug|x86.ActiveCfg = Debug|Win32
		{9E48990F-C17F-4469-9D6D-E724A9E193DD}.Debug|x86.Build.0 = Debug|Win32
		{9E48990F-C17F-4469-9D6D-E724A9E193DD}.Release|x64.ActiveCfg = Release|x64
		{9E48990F-C17F-4469-9D6D-E724A9E193DD}.Release|x64.Build.0 = Release|x64
		{9E48990F-C17F-4469-9D6D-E724A9E193DD}.Release|x86.ActiveCfg = Release|Win32
		{9E48990F-C17F-4469-9D6D-E724A9E193DD}.Release|x86.Build.0 = Release|Win32
	EndGlobalSection
	GlobalSection(SolutionProperties) = preSolution
		HideSolutionNode = FALSE
	EndGlobalSection
	GlobalSection(ExtensibilityGlobals) = postSolution
		SolutionGuid = {64D4F71D-8553-443D-BC63-F68C241C37C9}
	EndGlobalSection
EndGlobal
